Microsoft Visual Studio Solution File, Format Version 8.00
Project("{FAE04EC0-301F-11D3-BF4B-00C04F79EFBC}") = "BWViewerCSharp", "BWViewerCSharp.csproj", "{B7A7AB6A-5F71-488A-89EE-A81CCBC44CB9}"
	ProjectSection(ProjectDependencies) = postProject
	EndProjectSection
EndProject
Global
	GlobalSection(SolutionConfiguration) = preSolution
		Debug = Debug
		Release = Release
	EndGlobalSection
	GlobalSection(ProjectConfiguration) = postSolution
		{B7A7AB6A-5F71-488A-89EE-A81CCBC44CB9}.Debug.ActiveCfg = Debug|.NET
		{B7A7AB6A-5F71-488A-89EE-A81CCBC44CB9}.Debug.Build.0 = Debug|.NET
		{B7A7AB6A-5F71-488A-89EE-A81CCBC44CB9}.Release.ActiveCfg = Release|.NET
		{B7A7AB6A-5F71-488A-89EE-A81CCBC44CB9}.Release.Build.0 = Release|.NET
	EndGlobalSection
	GlobalSection(ExtensibilityGlobals) = postSolution
	EndGlobalSection
	GlobalSection(ExtensibilityAddIns) = postSolution
	EndGlobalSection
EndGlobal
